
Microsoft Visual Studio Solution File, Format Version 12.00
# Visual Studio 15
Project("{FAE04EC0-301F-11D3-BF4B-00C04F79EFBC}") = "Assembly-CSharp", "Assembly-CSharp.csproj", "{B5A3F39D-1A2E-7410-EA66-FFCEE6A2312C}"
EndProject
Project("{FAE04EC0-301F-11D3-BF4B-00C04F79EFBC}") = "Unity.XR.Interaction.Toolkit.Samples.Hands", "Unity.XR.Interaction.Toolkit.Samples.Hands.csproj", "{5B0A847E-CD85-A368-E74B-9789E9605901}"
EndProject
Project("{FAE04EC0-301F-11D3-BF4B-00C04F79EFBC}") = "Unity.XR.Interaction.Toolkit.Samples.StarterAssets", "Unity.XR.Interaction.Toolkit.Samples.StarterAssets.csproj", "{6AB8B2B2-2ECD-8E06-4EEF-D7EFC24996E1}"
EndProject
Project("{FAE04EC0-301F-11D3-BF4B-00C04F79EFBC}") = "Unity.XR.Hands.Samples.VisualizerSample", "Unity.XR.Hands.Samples.VisualizerSample.csproj", "{908696F3-B455-4B92-2093-0AEBB3342C7A}"
EndProject
Project("{FAE04EC0-301F-11D3-BF4B-00C04F79EFBC}") = "Unity.XR.Interaction.Toolkit.Samples.DeviceSimulator", "Unity.XR.Interaction.Toolkit.Samples.DeviceSimulator.csproj", "{B167D385-7781-67AD-F06E-3129116716CD}"
EndProject
Project("{FAE04EC0-301F-11D3-BF4B-00C04F79EFBC}") = "Unity.XR.Interaction.Toolkit.Samples.Hands.Editor", "Unity.XR.Interaction.Toolkit.Samples.Hands.Editor.csproj", "{19C0CD92-FFB9-AB33-9DBE-B82D4DA4DDCE}"
EndProject
Project("{FAE04EC0-301F-11D3-BF4B-00C04F79EFBC}") = "Unity.XR.Interaction.Toolkit.Samples.StarterAssets.Editor", "Unity.XR.Interaction.Toolkit.Samples.StarterAssets.Editor.csproj", "{7FA1F632-7D01-8F65-8699-88694178F51A}"
EndProject
Global
	GlobalSection(SolutionConfigurationPlatforms) = preSolution
		Debug|Any CPU = Debug|Any CPU
		Release|Any CPU = Release|Any CPU
	EndGlobalSection
	GlobalSection(ProjectConfigurationPlatforms) = postSolution
		{B5A3F39D-1A2E-7410-EA66-FFCEE6A2312C}.Debug|Any CPU.ActiveCfg = Debug|Any CPU
		{B5A3F39D-1A2E-7410-EA66-FFCEE6A2312C}.Debug|Any CPU.Build.0 = Debug|Any CPU
		{B5A3F39D-1A2E-7410-EA66-FFCEE6A2312C}.Release|Any CPU.ActiveCfg = Release|Any CPU
		{B5A3F39D-1A2E-7410-EA66-FFCEE6A2312C}.Release|Any CPU.Build.0 = Release|Any CPU
		{5B0A847E-CD85-A368-E74B-9789E9605901}.Debug|Any CPU.ActiveCfg = Debug|Any CPU
		{5B0A847E-CD85-A368-E74B-9789E9605901}.Debug|Any CPU.Build.0 = Debug|Any CPU
		{5B0A847E-CD85-A368-E74B-9789E9605901}.Release|Any CPU.ActiveCfg = Release|Any CPU
		{5B0A847E-CD85-A368-E74B-9789E9605901}.Release|Any CPU.Build.0 = Release|Any CPU
		{6AB8B2B2-2ECD-8E06-4EEF-D7EFC24996E1}.Debug|Any CPU.ActiveCfg = Debug|Any CPU
		{6AB8B2B2-2ECD-8E06-4EEF-D7EFC24996E1}.Debug|Any CPU.Build.0 = Debug|Any CPU
		{6AB8B2B2-2ECD-8E06-4EEF-D7EFC24996E1}.Release|Any CPU.ActiveCfg = Release|Any CPU
		{6AB8B2B2-2ECD-8E06-4EEF-D7EFC24996E1}.Release|Any CPU.Build.0 = Release|Any CPU
		{908696F3-B455-4B92-2093-0AEBB3342C7A}.Debug|Any CPU.ActiveCfg = Debug|Any CPU
		{908696F3-B455-4B92-2093-0AEBB3342C7A}.Debug|Any CPU.Build.0 = Debug|Any CPU
		{908696F3-B455-4B92-2093-0AEBB3342C7A}.Release|Any CPU.ActiveCfg = Release|Any CPU
		{908696F3-B455-4B92-2093-0AEBB3342C7A}.Release|Any CPU.Build.0 = Release|Any CPU
		{B167D385-7781-67AD-F06E-3129116716CD}.Debug|Any CPU.ActiveCfg = Debug|Any CPU
		{B167D385-7781-67AD-F06E-3129116716CD}.Debug|Any CPU.Build.0 = Debug|Any CPU
		{B167D385-7781-67AD-F06E-3129116716CD}.Release|Any CPU.ActiveCfg = Release|Any CPU
		{B167D385-7781-67AD-F06E-3129116716CD}.Release|Any CPU.Build.0 = Release|Any CPU
		{19C0CD92-FFB9-AB33-9DBE-B82D4DA4DDCE}.Debug|Any CPU.ActiveCfg = Debug|Any CPU
		{19C0CD92-FFB9-AB33-9DBE-B82D4DA4DDCE}.Debug|Any CPU.Build.0 = Debug|Any CPU
		{19C0CD92-FFB9-AB33-9DBE-B82D4DA4DDCE}.Release|Any CPU.ActiveCfg = Release|Any CPU
		{19C0CD92-FFB9-AB33-9DBE-B82D4DA4DDCE}.Release|Any CPU.Build.0 = Release|Any CPU
		{7FA1F632-7D01-8F65-8699-88694178F51A}.Debug|Any CPU.ActiveCfg = Debug|Any CPU
		{7FA1F632-7D01-8F65-8699-88694178F51A}.Debug|Any CPU.Build.0 = Debug|Any CPU
		{7FA1F632-7D01-8F65-8699-88694178F51A}.Release|Any CPU.ActiveCfg = Release|Any CPU
		{7FA1F632-7D01-8F65-8699-88694178F51A}.Release|Any CPU.Build.0 = Release|Any CPU
	EndGlobalSection
	GlobalSection(SolutionProperties) = preSolution
		HideSolutionNode = FALSE
	EndGlobalSection
EndGlobal
